
Microsoft Visual Studio Solution File, Format Version 12.00
# Visual Studio Version 16
VisualStudioVersion = 16.0.29709.97
MinimumVisualStudioVersion = 10.0.40219.1
Project("{FAE04EC0-301F-11D3-BF4B-00C04F79EFBC}") = "KoPapirOllo", "KoPapirOllo\KoPapirOllo.csproj", "{43F07062-52D4-4E75-9576-603BCE29604A}"
EndProject
Global
	GlobalSection(SolutionConfigurationPlatforms) = preSolution
		Debug|Any CPU = Debug|Any CPU
		Release|Any CPU = Release|Any CPU
	EndGlobalSection
	GlobalSection(ProjectConfigurationPlatforms) = postSolution
		{43F07062-52D4-4E75-9576-603BCE29604A}.Debug|Any CPU.ActiveCfg = Debug|Any CPU
		{43F07062-52D4-4E75-9576-603BCE29604A}.Debug|Any CPU.Build.0 = Debug|Any CPU
		{43F07062-52D4-4E75-9576-603BCE29604A}.Release|Any CPU.ActiveCfg = Release|Any CPU
		{43F07062-52D4-4E75-9576-603BCE29604A}.Release|Any CPU.Build.0 = Release|Any CPU
	EndGlobalSection
	GlobalSection(SolutionProperties) = preSolution
		HideSolutionNode = FALSE
	EndGlobalSection
	GlobalSection(ExtensibilityGlobals) = postSolution
		SolutionGuid = {81593C65-9F17-4745-AF95-73FFA21E68AA}
	EndGlobalSection
EndGlobal
